// !$*UTF8*$!
{
	archiveVersion = 1;
	classes = {
	};
	objectVersion = 50;
	objects = {

/* Begin PBXBuildFile section */
		1E9825A220E3FDC000C57C73 /* AppDelegate.m in Sources */ = {isa = PBXBuildFile; fileRef = 1E9825A120E3FDC000C57C73 /* AppDelegate.m */; };
		1E9825A520E3FDC000C57C73 /* ViewController.m in Sources */ = {isa = PBXBuildFile; fileRef = 1E9825A420E3FDC000C57C73 /* ViewController.m */; };
		1E9825A820E3FDC000C57C73 /* Main.storyboard in Resources */ = {isa = PBXBuildFile; fileRef = 1E9825A620E3FDC000C57C73 /* Main.storyboard */; };
		1E9825AA20E3FDC000C57C73 /* Assets.xcassets in Resources */ = {isa = PBXBuildFile; fileRef = 1E9825A920E3FDC000C57C73 /* Assets.xcassets */; };
		1E9825AD20E3FDC000C57C73 /* LaunchScreen.storyboard in Resources */ = {isa = PBXBuildFile; fileRef = 1E9825AB20E3FDC000C57C73 /* LaunchScreen.storyboard */; };
		1E9825B020E3FDC000C57C73 /* main.m in Sources */ = {isa = PBXBuildFile; fileRef = 1E9825AF20E3FDC000C57C73 /* main.m */; };
		1E9825BA20E3FDC000C57C73 /* FlixTests.m in Sources */ = {isa = PBXBuildFile; fileRef = 1E9825B920E3FDC000C57C73 /* FlixTests.m */; };
		1E9825C520E3FDC000C57C73 /* FlixUITests.m in Sources */ = {isa = PBXBuildFile; fileRef = 1E9825C420E3FDC000C57C73 /* FlixUITests.m */; };
/* End PBXBuildFile section */

/* Begin PBXContainerItemProxy section */
		1E9825B620E3FDC000C57C73 /* PBXContainerItemProxy */ = {
			isa = PBXContainerItemProxy;
			containerPortal = 1E98259520E3FDC000C57C73 /* Project object */;
			proxyType = 1;
			remoteGlobalIDString = 1E98259C20E3FDC000C57C73;
			remoteInfo = Flix;
		};
		1E9825C120E3FDC000C57C73 /* PBXContainerItemProxy */ = {
			isa = PBXContainerItemProxy;
			containerPortal = 1E98259520E3FDC000C57C73 /* Project object */;
			proxyType = 1;
			remoteGlobalIDString = 1E98259C20E3FDC000C57C73;
			remoteInfo = Flix;
		};
/* End PBXContainerItemProxy section */

/* Begin PBXFileReference section */
		1E98259D20E3FDC000C57C73 /* Flix.app */ = {isa = PBXFileReference; explicitFileType = wrapper.application; includeInIndex = 0; path = Flix.app; sourceTree = BUILT_PRODUCTS_DIR; };
		1E9825A020E3FDC000C57C73 /* AppDelegate.h */ = {isa = PBXFileReference; lastKnownFileType = sourcecode.c.h; path = AppDelegate.h; sourceTree = "<group>"; };
		1E9825A120E3FDC000C57C73 /* AppDelegate.m */ = {isa = PBXFileReference; lastKnownFileType = sourcecode.c.objc; path = AppDelegate.m; sourceTree = "<group>"; };
		1E9825A320E3FDC000C57C73 /* ViewController.h */ = {isa = PBXFileReference; lastKnownFileType = sourcecode.c.h; path = ViewController.h; sourceTree = "<group>"; };
		1E9825A420E3FDC000C57C73 /* ViewController.m */ = {isa = PBXFileReference; lastKnownFileType = sourcecode.c.objc; path = ViewController.m; sourceTree = "<group>"; };
		1E9825A720E3FDC000C57C73 /* Base */ = {isa = PBXFileReference; lastKnownFileType = file.storyboard; name = Base; path = Base.lproj/Main.storyboard; sourceTree = "<group>"; };
		1E9825A920E3FDC000C57C73 /* Assets.xcassets */ = {isa = PBXFileReference; lastKnownFileType = folder.assetcatalog; path = Assets.xcassets; sourceTree = "<group>"; };
		1E9825AC20E3FDC000C57C73 /* Base */ = {isa = PBXFileReference; lastKnownFileType = file.storyboard; name = Base; path = Base.lproj/LaunchScreen.storyboard; sourceTree = "<group>"; };
		1E9825AE20E3FDC000C57C73 /* Info.plist */ = {isa = PBXFileReference; lastKnownFileType = text.plist.xml; path = Info.plist; sourceTree = "<group>"; };
		1E9825AF20E3FDC000C57C73 /* main.m */ = {isa = PBXFileReference; lastKnownFileType = sourcecode.c.objc; path = main.m; sourceTree = "<group>"; };
		1E9825B520E3FDC000C57C73 /* FlixTests.xctest */ = {isa = PBXFileReference; explicitFileType = wrapper.cfbundle; includeInIndex = 0; path = FlixTests.xctest; sourceTree = BUILT_PRODUCTS_DIR; };
		1E9825B920E3FDC000C57C73 /* FlixTests.m */ = {isa = PBXFileReference; lastKnownFileType = sourcecode.c.objc; path = FlixTests.m; sourceTree = "<group>"; };
		1E9825BB20E3FDC000C57C73 /* Info.plist */ = {isa = PBXFileReference; lastKnownFileType = text.plist.xml; path = Info.plist; sourceTree = "<group>"; };
		1E9825C020E3FDC000C57C73 /* FlixUITests.xctest */ = {isa = PBXFileReference; explicitFileType = wrapper.cfbundle; includeInIndex = 0; path = FlixUITests.xctest; sourceTree = BUILT_PRODUCTS_DIR; };
		1E9825C420E3FDC000C57C73 /* FlixUITests.m */ = {isa = PBXFileReference; lastKnownFileType = sourcecode.c.objc; path = FlixUITests.m; sourceTree = "<group>"; };
		1E9825C620E3FDC000C57C73 /* Info.plist */ = {isa = PBXFileReference; lastKnownFileType = text.plist.xml; path = Info.plist; sourceTree = "<group>"; };
/* End PBXFileReference section */

/* Begin PBXFrameworksBuildPhase section */
		1E98259A20E3FDC000C57C73 /* Frameworks */ = {
			isa = PBXFrameworksBuildPhase;
			buildActionMask = 2147483647;
			files = (
			);
			runOnlyForDeploymentPostprocessing = 0;
		};
		1E9825B220E3FDC000C57C73 /* Frameworks */ = {
			isa = PBXFrameworksBuildPhase;
			buildActionMask = 2147483647;
			files = (
			);
			runOnlyForDeploymentPostprocessing = 0;
		};
		1E9825BD20E3FDC000C57C73 /* Frameworks */ = {
			isa = PBXFrameworksBuildPhase;
			buildActionMask = 2147483647;
			files = (
			);
			runOnlyForDeploymentPostprocessing = 0;
		};
/* End PBXFrameworksBuildPhase section */

/* Begin PBXGroup section */
		1E98259420E3FDC000C57C73 = {
			isa = PBXGroup;
			children = (
				1E98259F20E3FDC000C57C73 /* Flix */,
				1E9825B820E3FDC000C57C73 /* FlixTests */,
				1E9825C320E3FDC000C57C73 /* FlixUITests */,
				1E98259E20E3FDC000C57C73 /* Products */,
			);
			sourceTree = "<group>";
		};
		1E98259E20E3FDC000C57C73 /* Products */ = {
			isa = PBXGroup;
			children = (
				1E98259D20E3FDC000C57C73 /* Flix.app */,
				1E9825B520E3FDC000C57C73 /* FlixTests.xctest */,
				1E9825C020E3FDC000C57C73 /* FlixUITests.xctest */,
			);
			name = Products;
			sourceTree = "<group>";
		};
		1E98259F20E3FDC000C57C73 /* Flix */ = {
			isa = PBXGroup;
			children = (
				1E9825A020E3FDC000C57C73 /* AppDelegate.h */,
				1E9825A120E3FDC000C57C73 /* AppDelegate.m */,
				1E9825A320E3FDC000C57C73 /* ViewController.h */,
				1E9825A420E3FDC000C57C73 /* ViewController.m */,
				1E9825A620E3FDC000C57C73 /* Main.storyboard */,
				1E9825A920E3FDC000C57C73 /* Assets.xcassets */,
				1E9825AB20E3FDC000C57C73 /* LaunchScreen.storyboard */,
				1E9825AE20E3FDC000C57C73 /* Info.plist */,
				1E9825AF20E3FDC000C57C73 /* main.m */,
			);
			path = Flix;
			sourceTree = "<group>";
		};
		1E9825B820E3FDC000C57C73 /* FlixTests */ = {
			isa = PBXGroup;
			children = (
				1E9825B920E3FDC000C57C73 /* FlixTests.m */,
				1E9825BB20E3FDC000C57C73 /* Info.plist */,
			);
			path = FlixTests;
			sourceTree = "<group>";
		};
		1E9825C320E3FDC000C57C73 /* FlixUITests */ = {
			isa = PBXGroup;
			children = (
				1E9825C420E3FDC000C57C73 /* FlixUITests.m */,
				1E9825C620E3FDC000C57C73 /* Info.plist */,
			);
			path = FlixUITests;
			sourceTree = "<group>";
		};
/* End PBXGroup section */

/* Begin PBXNativeTarget section */
		1E98259C20E3FDC000C57C73 /* Flix */ = {
			isa = PBXNativeTarget;
			buildConfigurationList = 1E9825C920E3FDC000C57C73 /* Build configuration list for PBXNativeTarget "Flix" */;
			buildPhases = (
				1E98259920E3FDC000C57C73 /* Sources */,
				1E98259A20E3FDC000C57C73 /* Frameworks */,
				1E98259B20E3FDC000C57C73 /* Resources */,
			);
			buildRules = (
			);
			dependencies = (
			);
			name = Flix;
			productName = Flix;
			productReference = 1E98259D20E3FDC000C57C73 /* Flix.app */;
			productType = "com.apple.product-type.application";
		};
		1E9825B420E3FDC000C57C73 /* FlixTests */ = {
			isa = PBXNativeTarget;
			buildConfigurationList = 1E9825CC20E3FDC000C57C73 /* Build configuration list for PBXNativeTarget "FlixTests" */;
			buildPhases = (
				1E9825B120E3FDC000C57C73 /* Sources */,
				1E9825B220E3FDC000C57C73 /* Frameworks */,
				1E9825B320E3FDC000C57C73 /* Resources */,
			);
			buildRules = (
			);
			dependencies = (
				1E9825B720E3FDC000C57C73 /* PBXTargetDependency */,
			);
			name = FlixTests;
			productName = FlixTests;
			productReference = 1E9825B520E3FDC000C57C73 /* FlixTests.xctest */;
			productType = "com.apple.product-type.bundle.unit-test";
		};
		1E9825BF20E3FDC000C57C73 /* FlixUITests */ = {
			isa = PBXNativeTarget;
			buildConfigurationList = 1E9825CF20E3FDC000C57C73 /* Build configuration list for PBXNativeTarget "FlixUITests" */;
			buildPhases = (
				1E9825BC20E3FDC000C57C73 /* Sources */,
				1E9825BD20E3FDC000C57C73 /* Frameworks */,
				1E9825BE20E3FDC000C57C73 /* Resources */,
			);
			buildRules = (
			);
			dependencies = (
				1E9825C220E3FDC000C57C73 /* PBXTargetDependency */,
			);
			name = FlixUITests;
			productName = FlixUITests;
			productReference = 1E9825C020E3FDC000C57C73 /* FlixUITests.xctest */;
			productType = "com.apple.product-type.bundle.ui-testing";
		};
/* End PBXNativeTarget section */

/* Begin PBXProject section */
		1E98259520E3FDC000C57C73 /* Project object */ = {
			isa = PBXProject;
			attributes = {
				LastUpgradeCheck = 0940;
				ORGANIZATIONNAME = "Alice Park";
				TargetAttributes = {
					1E98259C20E3FDC000C57C73 = {
						CreatedOnToolsVersion = 9.4.1;
					};
					1E9825B420E3FDC000C57C73 = {
						CreatedOnToolsVersion = 9.4.1;
						TestTargetID = 1E98259C20E3FDC000C57C73;
					};
					1E9825BF20E3FDC000C57C73 = {
						CreatedOnToolsVersion = 9.4.1;
						TestTargetID = 1E98259C20E3FDC000C57C73;
					};
				};
			};
			buildConfigurationList = 1E98259820E3FDC000C57C73 /* Build configuration list for PBXProject "Flix" */;
			compatibilityVersion = "Xcode 9.3";
			developmentRegion = en;
			hasScannedForEncodings = 0;
			knownRegions = (
				en,
				Base,
			);
			mainGroup = 1E98259420E3FDC000C57C73;
			productRefGroup = 1E98259E20E3FDC000C57C73 /* Products */;
			projectDirPath = "";
			projectRoot = "";
			targets = (
				1E98259C20E3FDC000C57C73 /* Flix */,
				1E9825B420E3FDC000C57C73 /* FlixTests */,
				1E9825BF20E3FDC000C57C73 /* FlixUITests */,
			);
		};
/* End PBXProject section */

/* Begin PBXResourcesBuildPhase section */
		1E98259B20E3FDC000C57C73 /* Resources */ = {
			isa = PBXResourcesBuildPhase;
			buildActionMask = 2147483647;
			files = (
				1E9825AD20E3FDC000C57C73 /* LaunchScreen.storyboard in Resources */,
				1E9825AA20E3FDC000C57C73 /* Assets.xcassets in Resources */,
				1E9825A820E3FDC000C57C73 /* Main.storyboard in Resources */,
			);
			runOnlyForDeploymentPostprocessing = 0;
		};
		1E9825B320E3FDC000C57C73 /* Resources */ = {
			isa = PBXResourcesBuildPhase;
			buildActionMask = 2147483647;
			files = (
			);
			runOnlyForDeploymentPostprocessing = 0;
		};
		1E9825BE20E3FDC000C57C73 /* Resources */ = {
			isa = PBXResourcesBuildPhase;
			buildActionMask = 2147483647;
			files = (
			);
			runOnlyForDeploymentPostprocessing = 0;
		};
/* End PBXResourcesBuildPhase section */

/* Begin PBXSourcesBuildPhase section */
		1E98259920E3FDC000C57C73 /* Sources */ = {
			isa = PBXSourcesBuildPhase;
			buildActionMask = 2147483647;
			files = (
				1E9825A520E3FDC000C57C73 /* ViewController.m in Sources */,
				1E9825B020E3FDC000C57C73 /* main.m in Sources */,
				1E9825A220E3FDC000C57C73 /* AppDelegate.m in Sources */,
			);
			runOnlyForDeploymentPostprocessing = 0;
		};
		1E9825B120E3FDC000C57C73 /* Sources */ = {
			isa = PBXSourcesBuildPhase;
			buildActionMask = 2147483647;
			files = (
				1E9825BA20E3FDC000C57C73 /* FlixTests.m in Sources */,
			);
			runOnlyForDeploymentPostprocessing = 0;
		};
		1E9825BC20E3FDC000C57C73 /* Sources */ = {
			isa = PBXSourcesBuildPhase;
			buildActionMask = 2147483647;
			files = (
				1E9825C520E3FDC000C57C73 /* FlixUITests.m in Sources */,
			);
			runOnlyForDeploymentPostprocessing = 0;
		};
/* End PBXSourcesBuildPhase section */

/* Begin PBXTargetDependency section */
		1E9825B720E3FDC000C57C73 /* PBXTargetDependency */ = {
			isa = PBXTargetDependency;
			target = 1E98259C20E3FDC000C57C73 /* Flix */;
			targetProxy = 1E9825B620E3FDC000C57C73 /* PBXContainerItemProxy */;
		};
		1E9825C220E3FDC000C57C73 /* PBXTargetDependency */ = {
			isa = PBXTargetDependency;
			target = 1E98259C20E3FDC000C57C73 /* Flix */;
			targetProxy = 1E9825C120E3FDC000C57C73 /* PBXContainerItemProxy */;
		};
/* End PBXTargetDependency section */

/* Begin PBXVariantGroup section */
		1E9825A620E3FDC000C57C73 /* Main.storyboard */ = {
			isa = PBXVariantGroup;
			children = (
				1E9825A720E3FDC000C57C73 /* Base */,
			);
			name = Main.storyboard;
			sourceTree = "<group>";
		};
		1E9825AB20E3FDC000C57C73 /* LaunchScreen.storyboard */ = {
			isa = PBXVariantGroup;
			children = (
				1E9825AC20E3FDC000C57C73 /* Base */,
			);
			name = LaunchScreen.storyboard;
			sourceTree = "<group>";
		};
/* End PBXVariantGroup section */

/* Begin XCBuildConfiguration section */
		1E9825C720E3FDC000C57C73 /* Debug */ = {
			isa = XCBuildConfiguration;
			buildSettings = {
				ALWAYS_SEARCH_USER_PATHS = NO;
				CLANG_ANALYZER_NONNULL = YES;
				CLANG_ANALYZER_NUMBER_OBJECT_CONVERSION = YES_AGGRESSIVE;
				CLANG_CXX_LANGUAGE_STANDARD = "gnu++14";
				CLANG_CXX_LIBRARY = "libc++";
				CLANG_ENABLE_MODULES = YES;
				CLANG_ENABLE_OBJC_ARC = YES;
				CLANG_ENABLE_OBJC_WEAK = YES;
				CLANG_WARN_BLOCK_CAPTURE_AUTORELEASING = YES;
				CLANG_WARN_BOOL_CONVERSION = YES;
				CLANG_WARN_COMMA = YES;
				CLANG_WARN_CONSTANT_CONVERSION = YES;
				CLANG_WARN_DEPRECATED_OBJC_IMPLEMENTATIONS = YES;
				CLANG_WARN_DIRECT_OBJC_ISA_USAGE = YES_ERROR;
				CLANG_WARN_DOCUMENTATION_COMMENTS = YES;
				CLANG_WARN_EMPTY_BODY = YES;
				CLANG_WARN_ENUM_CONVERSION = YES;
				CLANG_WARN_INFINITE_RECURSION = YES;
				CLANG_WARN_INT_CONVERSION = YES;
				CLANG_WARN_NON_LITERAL_NULL_CONVERSION = YES;
				CLANG_WARN_OBJC_IMPLICIT_RETAIN_SELF = YES;
				CLANG_WARN_OBJC_LITERAL_CONVERSION = YES;
				CLANG_WARN_OBJC_ROOT_CLASS = YES_ERROR;
				CLANG_WARN_RANGE_LOOP_ANALYSIS = YES;
				CLANG_WARN_STRICT_PROTOTYPES = YES;
				CLANG_WARN_SUSPICIOUS_MOVE = YES;
				CLANG_WARN_UNGUARDED_AVAILABILITY = YES_AGGRESSIVE;
				CLANG_WARN_UNREACHABLE_CODE = YES;
				CLANG_WARN__DUPLICATE_METHOD_MATCH = YES;
				CODE_SIGN_IDENTITY = "iPhone Developer";
				COPY_PHASE_STRIP = NO;
				DEBUG_INFORMATION_FORMAT = dwarf;
				ENABLE_STRICT_OBJC_MSGSEND = YES;
				ENABLE_TESTABILITY = YES;
				GCC_C_LANGUAGE_STANDARD = gnu11;
				GCC_DYNAMIC_NO_PIC = NO;
				GCC_NO_COMMON_BLOCKS = YES;
				GCC_OPTIMIZATION_LEVEL = 0;
				GCC_PREPROCESSOR_DEFINITIONS = (
					"DEBUG=1",
					"$(inherited)",
				);
				GCC_WARN_64_TO_32_BIT_CONVERSION = YES;
				GCC_WARN_ABOUT_RETURN_TYPE = YES_ERROR;
				GCC_WARN_UNDECLARED_SELECTOR = YES;
				GCC_WARN_UNINITIALIZED_AUTOS = YES_AGGRESSIVE;
				GCC_WARN_UNUSED_FUNCTION = YES;
				GCC_WARN_UNUSED_VARIABLE = YES;
				IPHONEOS_DEPLOYMENT_TARGET = 11.4;
				MTL_ENABLE_DEBUG_INFO = YES;
				ONLY_ACTIVE_ARCH = YES;
				SDKROOT = iphoneos;
			};
			name = Debug;
		};
		1E9825C820E3FDC000C57C73 /* Release */ = {
			isa = XCBuildConfiguration;
			buildSettings = {
				ALWAYS_SEARCH_USER_PATHS = NO;
				CLANG_ANALYZER_NONNULL = YES;
				CLANG_ANALYZER_NUMBER_OBJECT_CONVERSION = YES_AGGRESSIVE;
				CLANG_CXX_LANGUAGE_STANDARD = "gnu++14";
				CLANG_CXX_LIBRARY = "libc++";
				CLANG_ENABLE_MODULES = YES;
				CLANG_ENABLE_OBJC_ARC = YES;
				CLANG_ENABLE_OBJC_WEAK = YES;
				CLANG_WARN_BLOCK_CAPTURE_AUTORELEASING = YES;
				CLANG_WARN_BOOL_CONVERSION = YES;
				CLANG_WARN_COMMA = YES;
				CLANG_WARN_CONSTANT_CONVERSION = YES;
				CLANG_WARN_DEPRECATED_OBJC_IMPLEMENTATIONS = YES;
				CLANG_WARN_DIRECT_OBJC_ISA_USAGE = YES_ERROR;
				CLANG_WARN_DOCUMENTATION_COMMENTS = YES;
				CLANG_WARN_EMPTY_BODY = YES;
				CLANG_WARN_ENUM_CONVERSION = YES;
				CLANG_WARN_INFINITE_RECURSION = YES;
				CLANG_WARN_INT_CONVERSION = YES;
				CLANG_WARN_NON_LITERAL_NULL_CONVERSION = YES;
				CLANG_WARN_OBJC_IMPLICIT_RETAIN_SELF = YES;
				CLANG_WARN_OBJC_LITERAL_CONVERSION = YES;
				CLANG_WARN_OBJC_ROOT_CLASS = YES_ERROR;
				CLANG_WARN_RANGE_LOOP_ANALYSIS = YES;
				CLANG_WARN_STRICT_PROTOTYPES = YES;
				CLANG_WARN_SUSPICIOUS_MOVE = YES;
				CLANG_WARN_UNGUARDED_AVAILABILITY = YES_AGGRESSIVE;
				CLANG_WARN_UNREACHABLE_CODE = YES;
				CLANG_WARN__DUPLICATE_METHOD_MATCH = YES;
				CODE_SIGN_IDENTITY = "iPhone Developer";
				COPY_PHASE_STRIP = NO;
				DEBUG_INFORMATION_FORMAT = "dwarf-with-dsym";
				ENABLE_NS_ASSERTIONS = NO;
				ENABLE_STRICT_OBJC_MSGSEND = YES;
				GCC_C_LANGUAGE_STANDARD = gnu11;
				GCC_NO_COMMON_BLOCKS = YES;
				GCC_WARN_64_TO_32_BIT_CONVERSION = YES;
				GCC_WARN_ABOUT_RETURN_TYPE = YES_ERROR;
				GCC_WARN_UNDECLARED_SELECTOR = YES;
				GCC_WARN_UNINITIALIZED_AUTOS = YES_AGGRESSIVE;
				GCC_WARN_UNUSED_FUNCTION = YES;
				GCC_WARN_UNUSED_VARIABLE = YES;
				IPHONEOS_DEPLOYMENT_TARGET = 11.4;
				MTL_ENABLE_DEBUG_INFO = NO;
				SDKROOT = iphoneos;
				VALIDATE_PRODUCT = YES;
			};
			name = Release;
		};
		1E9825CA20E3FDC000C57C73 /* Debug */ = {
			isa = XCBuildConfiguration;
			buildSettings = {
				ASSETCATALOG_COMPILER_APPICON_NAME = AppIcon;
				CODE_SIGN_STYLE = Automatic;
				INFOPLIST_FILE = Flix/Info.plist;
				LD_RUNPATH_SEARCH_PATHS = (
					"$(inherited)",
					"@executable_path/Frameworks",
				);
				PRODUCT_BUNDLE_IDENTIFIER = com.alice.Flix;
				PRODUCT_NAME = "$(TARGET_NAME)";
				TARGETED_DEVICE_FAMILY = "1,2";
			};
			name = Debug;
		};
		1E9825CB20E3FDC000C57C73 /* Release */ = {
			isa = XCBuildConfiguration;
			buildSettings = {
				ASSETCATALOG_COMPILER_APPICON_NAME = AppIcon;
				CODE_SIGN_STYLE = Automatic;
				INFOPLIST_FILE = Flix/Info.plist;
				LD_RUNPATH_SEARCH_PATHS = (
					"$(inherited)",
					"@executable_path/Frameworks",
				);
				PRODUCT_BUNDLE_IDENTIFIER = com.alice.Flix;
				PRODUCT_NAME = "$(TARGET_NAME)";
				TARGETED_DEVICE_FAMILY = "1,2";
			};
			name = Release;
		};
		1E9825CD20E3FDC000C57C73 /* Debug */ = {
			isa = XCBuildConfiguration;
			buildSettings = {
				BUNDLE_LOADER = "$(TEST_HOST)";
				CODE_SIGN_STYLE = Automatic;
				INFOPLIST_FILE = FlixTests/Info.plist;
				LD_RUNPATH_SEARCH_PATHS = (
					"$(inherited)",
					"@executable_path/Frameworks",
					"@loader_path/Frameworks",
				);
				PRODUCT_BUNDLE_IDENTIFIER = com.alice.FlixTests;
				PRODUCT_NAME = "$(TARGET_NAME)";
				TARGETED_DEVICE_FAMILY = "1,2";
				TEST_HOST = "$(BUILT_PRODUCTS_DIR)/Flix.app/Flix";
			};
			name = Debug;
		};
		1E9825CE20E3FDC000C57C73 /* Release */ = {
			isa = XCBuildConfiguration;
			buildSettings = {
				BUNDLE_LOADER = "$(TEST_HOST)";
				CODE_SIGN_STYLE = Automatic;
				INFOPLIST_FILE = FlixTests/Info.plist;
				LD_RUNPATH_SEARCH_PATHS = (
					"$(inherited)",
					"@executable_path/Frameworks",
					"@loader_path/Frameworks",
				);
				PRODUCT_BUNDLE_IDENTIFIER = com.alice.FlixTests;
				PRODUCT_NAME = "$(TARGET_NAME)";
				TARGETED_DEVICE_FAMILY = "1,2";
				TEST_HOST = "$(BUILT_PRODUCTS_DIR)/Flix.app/Flix";
			};
			name = Release;
		};
		1E9825D020E3FDC000C57C73 /* Debug */ = {
			isa = XCBuildConfiguration;
			buildSettings = {
				CODE_SIGN_STYLE = Automatic;
				INFOPLIST_FILE = FlixUITests/Info.plist;
				LD_RUNPATH_SEARCH_PATHS = (
					"$(inherited)",
					"@executable_path/Frameworks",
					"@loader_path/Frameworks",
				);
				PRODUCT_BUNDLE_IDENTIFIER = com.alice.FlixUITests;
				PRODUCT_NAME = "$(TARGET_NAME)";
				TARGETED_DEVICE_FAMILY = "1,2";
				TEST_TARGET_NAME = Flix;
			};
			name = Debug;
		};
		1E9825D120E3FDC000C57C73 /* Release */ = {
			isa = XCBuildConfiguration;
			buildSettings = {
				CODE_SIGN_STYLE = Automatic;
				INFOPLIST_FILE = FlixUITests/Info.plist;
				LD_RUNPATH_SEARCH_PATHS = (
					"$(inherited)",
					"@executable_path/Frameworks",
					"@loader_path/Frameworks",
				);
				PRODUCT_BUNDLE_IDENTIFIER = com.alice.FlixUITests;
				PRODUCT_NAME = "$(TARGET_NAME)";
				TARGETED_DEVICE_FAMILY = "1,2";
				TEST_TARGET_NAME = Flix;
			};
			name = Release;
		};
/* End XCBuildConfiguration section */

/* Begin XCConfigurationList section */
		1E98259820E3FDC000C57C73 /* Build configuration list for PBXProject "Flix" */ = {
			isa = XCConfigurationList;
			buildConfigurations = (
				1E9825C720E3FDC000C57C73 /* Debug */,
				1E9825C820E3FDC000C57C73 /* Release */,
			);
			defaultConfigurationIsVisible = 0;
			defaultConfigurationName = Release;
		};
		1E9825C920E3FDC000C57C73 /* Build configuration list for PBXNativeTarget "Flix" */ = {
			isa = XCConfigurationList;
			buildConfigurations = (
				1E9825CA20E3FDC000C57C73 /* Debug */,
				1E9825CB20E3FDC000C57C73 /* Release */,
			);
			defaultConfigurationIsVisible = 0;
			defaultConfigurationName = Release;
		};
		1E9825CC20E3FDC000C57C73 /* Build configuration list for PBXNativeTarget "FlixTests" */ = {
			isa = XCConfigurationList;
			buildConfigurations = (
				1E9825CD20E3FDC000C57C73 /* Debug */,
				1E9825CE20E3FDC000C57C73 /* Release */,
			);
			defaultConfigurationIsVisible = 0;
			defaultConfigurationName = Release;
		};
		1E9825CF20E3FDC000C57C73 /* Build configuration list for PBXNativeTarget "FlixUITests" */ = {
			isa = XCConfigurationList;
			buildConfigurations = (
				1E9825D020E3FDC000C57C73 /* Debug */,
				1E9825D120E3FDC000C57C73 /* Release */,
			);
			defaultConfigurationIsVisible = 0;
			defaultConfigurationName = Release;
		};
/* End XCConfigurationList section */
	};
	rootObject = 1E98259520E3FDC000C57C73 /* Project object */;
}
